# THIS IS AN AUTOGENERATED FILE. DO NOT EDIT THIS FILE DIRECTLY.
# yarn lockfile v1


git-revision-webpack-plugin@^5.0.0:
  version "5.0.0"
  resolved "https://registry.npmjs.org/git-revision-webpack-plugin/-/git-revision-webpack-plugin-5.0.0.tgz#0683a6a110ece618499880431cd89e1eb597b536"
  integrity sha512-RptQN/4UKcEPkCBmRy8kLPo5i8MnF8+XfAgFYN9gbwmKLTLx4YHsQw726H+C5+sIGDixDkmGL3IxPA2gKo+u4w==
